
Microsoft Visual Studio Solution File, Format Version 12.00
# Visual Studio Version 17
VisualStudioVersion = 17.2.32630.192
MinimumVisualStudioVersion = 10.0.40219.1
Project("{9A19103F-16F7-4668-BE54-9A1E7A4F7556}") = "SignalRChatExample", "SignalRChatExample\SignalRChatExample.csproj", "{3510FE0D-140E-466A-84A9-C7D488FCFA77}"
EndProject
Global
	GlobalSection(SolutionConfigurationPlatforms) = preSolution
		Debug|Any CPU = Debug|Any CPU
		Release|Any CPU = Release|Any CPU
	EndGlobalSection
	GlobalSection(ProjectConfigurationPlatforms) = postSolution
		{3510FE0D-140E-466A-84A9-C7D488FCFA77}.Debug|Any CPU.ActiveCfg = Debug|Any CPU
		{3510FE0D-140E-466A-84A9-C7D488FCFA77}.Debug|Any CPU.Build.0 = Debug|Any CPU
		{3510FE0D-140E-466A-84A9-C7D488FCFA77}.Release|Any CPU.ActiveCfg = Debug|Any CPU
		{3510FE0D-140E-466A-84A9-C7D488FCFA77}.Release|Any CPU.Build.0 = Debug|Any CPU
	EndGlobalSection
	GlobalSection(SolutionProperties) = preSolution
		HideSolutionNode = FALSE
	EndGlobalSection
	GlobalSection(ExtensibilityGlobals) = postSolution
		SolutionGuid = {22866740-565E-4C76-AC9F-D6DB975307E2}
	EndGlobalSection
EndGlobal
